github.com/minio/sio v0.4.1 h1:EMe3YBC1nf+sRQia65Rutxi+Z554XPV0dt8BIBA+a/0=
github.com/minio/sio v0.4.1/go.mod h1:oBSjJeGbBdRMZZwna07sX9EFzZy+ywu5aofRiV1g79I=
golang.org/x/crypto v0.36.0 h1:AnAEvhDddvBdpY+uR+MyHmuZzzNqXSe/GvuDeob5L34=
golang.org/x/crypto v0.36.0/go.mod h1:Y4J0ReaxCR1IMaabaSMugxJES1EpwhBHhv2bDHklZvc=
golang.org/x/sys v0.31.0 h1:ioabZlmFYtWhL+TRYpcnNlLwhyxaM9kWTDEmfnprqik=
golang.org/x/sys v0.31.0/go.mod h1:BJP2sWEmIv4KK5OTEluFJCKSidICx8ciO85XgH3Ak8k=
